Microsoft Visual Studio Solution File, Format Version 12.00
# Visual Studio Version 17
VisualStudioVersion = 17.5.2.0
MinimumVisualStudioVersion = 10.0.40219.1
Project("{2150E333-8FDC-42A3-9474-1A3956D46DE8}") = "SnakeGame", "SnakeGame", "{3EDDE86B-79AB-FC26-23E1-007AA90523E9}"
EndProject
Project("{FAE04EC0-301F-11D3-BF4B-00C04F79EFBC}") = "SnakeApp", "SnakeGame\SnakeApp\SnakeApp.csproj", "{B566D961-3AB5-6957-7E00-C8786F19D03F}"
EndProject
Global
	GlobalSection(SolutionConfigurationPlatforms) = preSolution
		Debug|Any CPU = Debug|Any CPU
		Release|Any CPU = Release|Any CPU
	EndGlobalSection
	GlobalSection(ProjectConfigurationPlatforms) = postSolution
		{B566D961-3AB5-6957-7E00-C8786F19D03F}.Debug|Any CPU.ActiveCfg = Debug|Any CPU
		{B566D961-3AB5-6957-7E00-C8786F19D03F}.Debug|Any CPU.Build.0 = Debug|Any CPU
		{B566D961-3AB5-6957-7E00-C8786F19D03F}.Release|Any CPU.ActiveCfg = Release|Any CPU
		{B566D961-3AB5-6957-7E00-C8786F19D03F}.Release|Any CPU.Build.0 = Release|Any CPU
	EndGlobalSection
	GlobalSection(SolutionProperties) = preSolution
		HideSolutionNode = FALSE
	EndGlobalSection
	GlobalSection(NestedProjects) = preSolution
		{B566D961-3AB5-6957-7E00-C8786F19D03F} = {3EDDE86B-79AB-FC26-23E1-007AA90523E9}
	EndGlobalSection
	GlobalSection(ExtensibilityGlobals) = postSolution
		SolutionGuid = {9F1BEB74-840B-4A74-835A-BFE52767014B}
	EndGlobalSection
EndGlobal
